// !$*UTF8*$!
{
	archiveVersion = 1;
	classes = {
	};
	objectVersion = 46;
	objects = {

/* Begin PBXBuildFile section */
		C13AD5131767E50E006AFD36 /* UIKit.framework in Frameworks */ = {isa = PBXBuildFile; fileRef = C13AD5121767E50E006AFD36 /* UIKit.framework */; };
		C13AD5151767E50E006AFD36 /* Foundation.framework in Frameworks */ = {isa = PBXBuildFile; fileRef = C13AD5141767E50E006AFD36 /* Foundation.framework */; };
		C13AD5171767E50E006AFD36 /* CoreGraphics.framework in Frameworks */ = {isa = PBXBuildFile; fileRef = C13AD5161767E50E006AFD36 /* CoreGraphics.framework */; };
		C13AD51D1767E50F006AFD36 /* InfoPlist.strings in Resources */ = {isa = PBXBuildFile; fileRef = C13AD51B1767E50F006AFD36 /* InfoPlist.strings */; };
		C13AD51F1767E50F006AFD36 /* main.m in Sources */ = {isa = PBXBuildFile; fileRef = C13AD51E1767E50F006AFD36 /* main.m */; };
		C13AD5231767E50F006AFD36 /* ImmyAppDelegate.m in Sources */ = {isa = PBXBuildFile; fileRef = C13AD5221767E50F006AFD36 /* ImmyAppDelegate.m */; };
		C13AD52C1767E50F006AFD36 /* MainStoryboard.storyboard in Resources */ = {isa = PBXBuildFile; fileRef = C13AD52A1767E50F006AFD36 /* MainStoryboard.storyboard */; };
		C13AD52F1767E50F006AFD36 /* ImmyViewController.m in Sources */ = {isa = PBXBuildFile; fileRef = C13AD52E1767E50F006AFD36 /* ImmyViewController.m */; };
		C13AD5361767E926006AFD36 /* Settings.bundle in Resources */ = {isa = PBXBuildFile; fileRef = C13AD5351767E926006AFD36 /* Settings.bundle */; };
		C13AD5441767ED1B006AFD36 /* Localizable.strings in Resources */ = {isa = PBXBuildFile; fileRef = C13AD5461767ED1B006AFD36 /* Localizable.strings */; };
		C13AD5581767F6DD006AFD36 /* backneonglow.jpg in Resources */ = {isa = PBXBuildFile; fileRef = C13AD5501767F6DD006AFD36 /* backneonglow.jpg */; };
		C13AD5591767F6DD006AFD36 /* Default-568h@2x.png in Resources */ = {isa = PBXBuildFile; fileRef = C13AD5511767F6DD006AFD36 /* Default-568h@2x.png */; };
		C13AD55A1767F6DD006AFD36 /* Default.png in Resources */ = {isa = PBXBuildFile; fileRef = C13AD5521767F6DD006AFD36 /* Default.png */; };
		C13AD55B1767F6DD006AFD36 /* Default@2x.png in Resources */ = {isa = PBXBuildFile; fileRef = C13AD5531767F6DD006AFD36 /* Default@2x.png */; };
		C13AD55D1767F6DD006AFD36 /* powersubmit.png in Resources */ = {isa = PBXBuildFile; fileRef = C13AD5551767F6DD006AFD36 /* powersubmit.png */; };
		C13AD55E1767F6DD006AFD36 /* reset.png in Resources */ = {isa = PBXBuildFile; fileRef = C13AD5561767F6DD006AFD36 /* reset.png */; };
		C14268B3176A9087004503F6 /* retinaicon copy.png in Resources */ = {isa = PBXBuildFile; fileRef = C14268B2176A9087004503F6 /* retinaicon copy.png */; };
		C1D76336176A3CEE00D0EDF2 /* iconnonretina.png in Resources */ = {isa = PBXBuildFile; fileRef = C1D76335176A3CEE00D0EDF2 /* iconnonretina.png */; };
/* End PBXBuildFile section */

/* Begin PBXFileReference section */
		C13AD50F1767E50E006AFD36 /* eCC.app */ = {isa = PBXFileReference; explicitFileType = wrapper.application; includeInIndex = 0; path = eCC.app; sourceTree = BUILT_PRODUCTS_DIR; };
		C13AD5121767E50E006AFD36 /* UIKit.framework */ = {isa = PBXFileReference; lastKnownFileType = wrapper.framework; name = UIKit.framework; path = System/Library/Frameworks/UIKit.framework; sourceTree = SDKROOT; };
		C13AD5141767E50E006AFD36 /* Foundation.framework */ = {isa = PBXFileReference; lastKnownFileType = wrapper.framework; name = Foundation.framework; path = System/Library/Frameworks/Foundation.framework; sourceTree = SDKROOT; };
		C13AD5161767E50E006AFD36 /* CoreGraphics.framework */ = {isa = PBXFileReference; lastKnownFileType = wrapper.framework; name = CoreGraphics.framework; path = System/Library/Frameworks/CoreGraphics.framework; sourceTree = SDKROOT; };
		C13AD51A1767E50E006AFD36 /* eCC-Info.plist */ = {isa = PBXFileReference; lastKnownFileType = text.plist.xml; path = "eCC-Info.plist"; sourceTree = "<group>"; };
		C13AD51C1767E50F006AFD36 /* en */ = {isa = PBXFileReference; lastKnownFileType = text.plist.strings; name = en; path = en.lproj/InfoPlist.strings; sourceTree = "<group>"; };
		C13AD51E1767E50F006AFD36 /* main.m */ = {isa = PBXFileReference; lastKnownFileType = sourcecode.c.objc; path = main.m; sourceTree = "<group>"; };
		C13AD5201767E50F006AFD36 /* eCC-Prefix.pch */ = {isa = PBXFileReference; lastKnownFileType = sourcecode.c.h; path = "eCC-Prefix.pch"; sourceTree = "<group>"; };
		C13AD5211767E50F006AFD36 /* ImmyAppDelegate.h */ = {isa = PBXFileReference; lastKnownFileType = sourcecode.c.h; path = ImmyAppDelegate.h; sourceTree = "<group>"; };
		C13AD5221767E50F006AFD36 /* ImmyAppDelegate.m */ = {isa = PBXFileReference; lastKnownFileType = sourcecode.c.objc; path = ImmyAppDelegate.m; sourceTree = "<group>"; };
		C13AD52D1767E50F006AFD36 /* ImmyViewController.h */ = {isa = PBXFileReference; lastKnownFileType = sourcecode.c.h; path = ImmyViewController.h; sourceTree = "<group>"; };
		C13AD52E1767E50F006AFD36 /* ImmyViewController.m */ = {isa = PBXFileReference; lastKnownFileType = sourcecode.c.objc; path = ImmyViewController.m; sourceTree = "<group>"; };
		C13AD5351767E926006AFD36 /* Settings.bundle */ = {isa = PBXFileReference; lastKnownFileType = "wrapper.plug-in"; path = Settings.bundle; sourceTree = "<group>"; };
		C13AD5391767ECDC006AFD36 /* Base */ = {isa = PBXFileReference; lastKnownFileType = file.storyboard; name = Base; path = Base.lproj/MainStoryboard.storyboard; sourceTree = "<group>"; };
		C13AD53A1767ECE5006AFD36 /* fr */ = {isa = PBXFileReference; lastKnownFileType = file.storyboard; name = fr; path = fr.lproj/MainStoryboard.storyboard; sourceTree = "<group>"; };
		C13AD53B1767ECE5006AFD36 /* fr */ = {isa = PBXFileReference; lastKnownFileType = text.plist.strings; name = fr; path = fr.lproj/InfoPlist.strings; sourceTree = "<group>"; };
		C13AD53C1767ECEA006AFD36 /* de */ = {isa = PBXFileReference; lastKnownFileType = file.storyboard; name = de; path = de.lproj/MainStoryboard.storyboard; sourceTree = "<group>"; };
		C13AD53D1767ECEA006AFD36 /* de */ = {isa = PBXFileReference; lastKnownFileType = text.plist.strings; name = de; path = de.lproj/InfoPlist.strings; sourceTree = "<group>"; };
		C13AD53E1767ECF8006AFD36 /* es */ = {isa = PBXFileReference; lastKnownFileType = file.storyboard; name = es; path = es.lproj/MainStoryboard.storyboard; sourceTree = "<group>"; };
		C13AD53F1767ECF8006AFD36 /* es */ = {isa = PBXFileReference; lastKnownFileType = text.plist.strings; name = es; path = es.lproj/InfoPlist.strings; sourceTree = "<group>"; };
		C13AD5401767ED04006AFD36 /* zh-Hans */ = {isa = PBXFileReference; lastKnownFileType = file.storyboard; name = "zh-Hans"; path = "zh-Hans.lproj/MainStoryboard.storyboard"; sourceTree = "<group>"; };
		C13AD5411767ED04006AFD36 /* zh-Hans */ = {isa = PBXFileReference; lastKnownFileType = text.plist.strings; name = "zh-Hans"; path = "zh-Hans.lproj/InfoPlist.strings"; sourceTree = "<group>"; };
		C13AD5421767ED10006AFD36 /* ar */ = {isa = PBXFileReference; lastKnownFileType = file.storyboard; name = ar; path = ar.lproj/MainStoryboard.storyboard; sourceTree = "<group>"; };
		C13AD5431767ED10006AFD36 /* ar */ = {isa = PBXFileReference; lastKnownFileType = text.plist.strings; name = ar; path = ar.lproj/InfoPlist.strings; sourceTree = "<group>"; };
		C13AD5451767ED1B006AFD36 /* en */ = {isa = PBXFileReference; lastKnownFileType = text.plist.strings; name = en; path = en.lproj/Localizable.strings; sourceTree = "<group>"; };
		C13AD5471767ED20006AFD36 /* fr */ = {isa = PBXFileReference; lastKnownFileType = text.plist.strings; name = fr; path = fr.lproj/Localizable.strings; sourceTree = "<group>"; };
		C13AD5481767ED21006AFD36 /* de */ = {isa = PBXFileReference; lastKnownFileType = text.plist.strings; name = de; path = de.lproj/Localizable.strings; sourceTree = "<group>"; };
		C13AD5491767ED22006AFD36 /* es */ = {isa = PBXFileReference; lastKnownFileType = text.plist.strings; name = es; path = es.lproj/Localizable.strings; sourceTree = "<group>"; };
		C13AD54A1767ED23006AFD36 /* zh-Hans */ = {isa = PBXFileReference; lastKnownFileType = text.plist.strings; name = "zh-Hans"; path = "zh-Hans.lproj/Localizable.strings"; sourceTree = "<group>"; };
		C13AD54B1767ED24006AFD36 /* ar */ = {isa = PBXFileReference; lastKnownFileType = text.plist.strings; name = ar; path = ar.lproj/Localizable.strings; sourceTree = "<group>"; };
		C13AD54E1767F671006AFD36 /* en */ = {isa = PBXFileReference; lastKnownFileType = file.storyboard; name = en; path = en.lproj/MainStoryboard.storyboard; sourceTree = "<group>"; };
		C13AD5501767F6DD006AFD36 /* backneonglow.jpg */ = {isa = PBXFileReference; lastKnownFileType = image.jpeg; path = backneonglow.jpg; sourceTree = "<group>"; };
		C13AD5511767F6DD006AFD36 /* Default-568h@2x.png */ = {isa = PBXFileReference; lastKnownFileType = image.png; path = "Default-568h@2x.png"; sourceTree = "<group>"; };
		C13AD5521767F6DD006AFD36 /* Default.png */ = {isa = PBXFileReference; lastKnownFileType = image.png; path = Default.png; sourceTree = "<group>"; };
		C13AD5531767F6DD006AFD36 /* Default@2x.png */ = {isa = PBXFileReference; lastKnownFileType = image.png; path = "Default@2x.png"; sourceTree = "<group>"; };
		C13AD5551767F6DD006AFD36 /* powersubmit.png */ = {isa = PBXFileReference; lastKnownFileType = image.png; path = powersubmit.png; sourceTree = "<group>"; };
		C13AD5561767F6DD006AFD36 /* reset.png */ = {isa = PBXFileReference; lastKnownFileType = image.png; path = reset.png; sourceTree = "<group>"; };
		C14268B2176A9087004503F6 /* retinaicon copy.png */ = {isa = PBXFileReference; lastKnownFileType = image.png; path = "retinaicon copy.png"; sourceTree = "<group>"; };
		C1D76335176A3CEE00D0EDF2 /* iconnonretina.png */ = {isa = PBXFileReference; lastKnownFileType = image.png; path = iconnonretina.png; sourceTree = "<group>"; };
/* End PBXFileReference section */

/* Begin PBXFrameworksBuildPhase section */
		C13AD50C1767E50E006AFD36 /* Frameworks */ = {
			isa = PBXFrameworksBuildPhase;
			buildActionMask = 2147483647;
			files = (
				C13AD5131767E50E006AFD36 /* UIKit.framework in Frameworks */,
				C13AD5151767E50E006AFD36 /* Foundation.framework in Frameworks */,
				C13AD5171767E50E006AFD36 /* CoreGraphics.framework in Frameworks */,
			);
			runOnlyForDeploymentPostprocessing = 0;
		};
/* End PBXFrameworksBuildPhase section */

/* Begin PBXGroup section */
		C13AD5061767E50E006AFD36 = {
			isa = PBXGroup;
			children = (
				C14268B2176A9087004503F6 /* retinaicon copy.png */,
				C1D76335176A3CEE00D0EDF2 /* iconnonretina.png */,
				C13AD54F1767F6DD006AFD36 /* ui */,
				C13AD5461767ED1B006AFD36 /* Localizable.strings */,
				C13AD5351767E926006AFD36 /* Settings.bundle */,
				C13AD5181767E50E006AFD36 /* eCC */,
				C13AD5111767E50E006AFD36 /* Frameworks */,
				C13AD5101767E50E006AFD36 /* Products */,
			);
			sourceTree = "<group>";
		};
		C13AD5101767E50E006AFD36 /* Products */ = {
			isa = PBXGroup;
			children = (
				C13AD50F1767E50E006AFD36 /* eCC.app */,
			);
			name = Products;
			sourceTree = "<group>";
		};
		C13AD5111767E50E006AFD36 /* Frameworks */ = {
			isa = PBXGroup;
			children = (
				C13AD5121767E50E006AFD36 /* UIKit.framework */,
				C13AD5141767E50E006AFD36 /* Foundation.framework */,
				C13AD5161767E50E006AFD36 /* CoreGraphics.framework */,
			);
			name = Frameworks;
			sourceTree = "<group>";
		};
		C13AD5181767E50E006AFD36 /* eCC */ = {
			isa = PBXGroup;
			children = (
				C13AD5211767E50F006AFD36 /* ImmyAppDelegate.h */,
				C13AD5221767E50F006AFD36 /* ImmyAppDelegate.m */,
				C13AD52A1767E50F006AFD36 /* MainStoryboard.storyboard */,
				C13AD52D1767E50F006AFD36 /* ImmyViewController.h */,
				C13AD52E1767E50F006AFD36 /* ImmyViewController.m */,
				C13AD5191767E50E006AFD36 /* Supporting Files */,
			);
			path = eCC;
			sourceTree = "<group>";
		};
		C13AD5191767E50E006AFD36 /* Supporting Files */ = {
			isa = PBXGroup;
			children = (
				C13AD51A1767E50E006AFD36 /* eCC-Info.plist */,
				C13AD51B1767E50F006AFD36 /* InfoPlist.strings */,
				C13AD51E1767E50F006AFD36 /* main.m */,
				C13AD5201767E50F006AFD36 /* eCC-Prefix.pch */,
			);
			name = "Supporting Files";
			sourceTree = "<group>";
		};
		C13AD54F1767F6DD006AFD36 /* ui */ = {
			isa = PBXGroup;
			children = (
				C13AD5501767F6DD006AFD36 /* backneonglow.jpg */,
				C13AD5511767F6DD006AFD36 /* Default-568h@2x.png */,
				C13AD5521767F6DD006AFD36 /* Default.png */,
				C13AD5531767F6DD006AFD36 /* Default@2x.png */,
				C13AD5551767F6DD006AFD36 /* powersubmit.png */,
				C13AD5561767F6DD006AFD36 /* reset.png */,
			);
			path = ui;
			sourceTree = "<group>";
		};
/* End PBXGroup section */

/* Begin PBXNativeTarget section */
		C13AD50E1767E50E006AFD36 /* eCC */ = {
			isa = PBXNativeTarget;
			buildConfigurationList = C13AD5321767E50F006AFD36 /* Build configuration list for PBXNativeTarget "eCC" */;
			buildPhases = (
				C13AD50B1767E50E006AFD36 /* Sources */,
				C13AD50C1767E50E006AFD36 /* Frameworks */,
				C13AD50D1767E50E006AFD36 /* Resources */,
			);
			buildRules = (
			);
			dependencies = (
			);
			name = eCC;
			productName = eCC;
			productReference = C13AD50F1767E50E006AFD36 /* eCC.app */;
			productType = "com.apple.product-type.application";
		};
/* End PBXNativeTarget section */

/* Begin PBXProject section */
		C13AD5071767E50E006AFD36 /* Project object */ = {
			isa = PBXProject;
			attributes = {
				CLASSPREFIX = Immy;
				LastUpgradeCheck = 0460;
				ORGANIZATIONNAME = "Imran Raja";
			};
			buildConfigurationList = C13AD50A1767E50E006AFD36 /* Build configuration list for PBXProject "eCC" */;
			compatibilityVersion = "Xcode 3.2";
			developmentRegion = English;
			hasScannedForEncodings = 0;
			knownRegions = (
				en,
				Base,
				fr,
				de,
				es,
				"zh-Hans",
				ar,
			);
			mainGroup = C13AD5061767E50E006AFD36;
			productRefGroup = C13AD5101767E50E006AFD36 /* Products */;
			projectDirPath = "";
			projectRoot = "";
			targets = (
				C13AD50E1767E50E006AFD36 /* eCC */,
			);
		};
/* End PBXProject section */

/* Begin PBXResourcesBuildPhase section */
		C13AD50D1767E50E006AFD36 /* Resources */ = {
			isa = PBXResourcesBuildPhase;
			buildActionMask = 2147483647;
			files = (
				C13AD51D1767E50F006AFD36 /* InfoPlist.strings in Resources */,
				C13AD52C1767E50F006AFD36 /* MainStoryboard.storyboard in Resources */,
				C13AD5361767E926006AFD36 /* Settings.bundle in Resources */,
				C13AD5441767ED1B006AFD36 /* Localizable.strings in Resources */,
				C13AD5581767F6DD006AFD36 /* backneonglow.jpg in Resources */,
				C13AD5591767F6DD006AFD36 /* Default-568h@2x.png in Resources */,
				C13AD55A1767F6DD006AFD36 /* Default.png in Resources */,
				C13AD55B1767F6DD006AFD36 /* Default@2x.png in Resources */,
				C13AD55D1767F6DD006AFD36 /* powersubmit.png in Resources */,
				C13AD55E1767F6DD006AFD36 /* reset.png in Resources */,
				C1D76336176A3CEE00D0EDF2 /* iconnonretina.png in Resources */,
				C14268B3176A9087004503F6 /* retinaicon copy.png in Resources */,
			);
			runOnlyForDeploymentPostprocessing = 0;
		};
/* End PBXResourcesBuildPhase section */

/* Begin PBXSourcesBuildPhase section */
		C13AD50B1767E50E006AFD36 /* Sources */ = {
			isa = PBXSourcesBuildPhase;
			buildActionMask = 2147483647;
			files = (
				C13AD51F1767E50F006AFD36 /* main.m in Sources */,
				C13AD5231767E50F006AFD36 /* ImmyAppDelegate.m in Sources */,
				C13AD52F1767E50F006AFD36 /* ImmyViewController.m in Sources */,
			);
			runOnlyForDeploymentPostprocessing = 0;
		};
/* End PBXSourcesBuildPhase section */

/* Begin PBXVariantGroup section */
		C13AD51B1767E50F006AFD36 /* InfoPlist.strings */ = {
			isa = PBXVariantGroup;
			children = (
				C13AD51C1767E50F006AFD36 /* en */,
				C13AD53B1767ECE5006AFD36 /* fr */,
				C13AD53D1767ECEA006AFD36 /* de */,
				C13AD53F1767ECF8006AFD36 /* es */,
				C13AD5411767ED04006AFD36 /* zh-Hans */,
				C13AD5431767ED10006AFD36 /* ar */,
			);
			name = InfoPlist.strings;
			sourceTree = "<group>";
		};
		C13AD52A1767E50F006AFD36 /* MainStoryboard.storyboard */ = {
			isa = PBXVariantGroup;
			children = (
				C13AD5391767ECDC006AFD36 /* Base */,
				C13AD53A1767ECE5006AFD36 /* fr */,
				C13AD53C1767ECEA006AFD36 /* de */,
				C13AD53E1767ECF8006AFD36 /* es */,
				C13AD5401767ED04006AFD36 /* zh-Hans */,
				C13AD5421767ED10006AFD36 /* ar */,
				C13AD54E1767F671006AFD36 /* en */,
			);
			name = MainStoryboard.storyboard;
			sourceTree = "<group>";
		};
		C13AD5461767ED1B006AFD36 /* Localizable.strings */ = {
			isa = PBXVariantGroup;
			children = (
				C13AD5451767ED1B006AFD36 /* en */,
				C13AD5471767ED20006AFD36 /* fr */,
				C13AD5481767ED21006AFD36 /* de */,
				C13AD5491767ED22006AFD36 /* es */,
				C13AD54A1767ED23006AFD36 /* zh-Hans */,
				C13AD54B1767ED24006AFD36 /* ar */,
			);
			name = Localizable.strings;
			sourceTree = "<group>";
		};
/* End PBXVariantGroup section */

/* Begin XCBuildConfiguration section */
		C13AD5301767E50F006AFD36 /* Debug */ = {
			isa = XCBuildConfiguration;
			buildSettings = {
				ALWAYS_SEARCH_USER_PATHS = NO;
				CLANG_CXX_LANGUAGE_STANDARD = "gnu++0x";
				CLANG_CXX_LIBRARY = "libc++";
				CLANG_ENABLE_OBJC_ARC = YES;
				CLANG_WARN_CONSTANT_CONVERSION = YES;
				CLANG_WARN_EMPTY_BODY = YES;
				CLANG_WARN_ENUM_CONVERSION = YES;
				CLANG_WARN_INT_CONVERSION = YES;
				CLANG_WARN__DUPLICATE_METHOD_MATCH = YES;
				"CODE_SIGN_IDENTITY[sdk=iphoneos*]" = "iPhone Developer";
				COPY_PHASE_STRIP = NO;
				GCC_C_LANGUAGE_STANDARD = gnu99;
				GCC_DYNAMIC_NO_PIC = NO;
				GCC_OPTIMIZATION_LEVEL = 0;
				GCC_PREPROCESSOR_DEFINITIONS = (
					"DEBUG=1",
					"$(inherited)",
				);
				GCC_SYMBOLS_PRIVATE_EXTERN = NO;
				GCC_WARN_ABOUT_RETURN_TYPE = YES;
				GCC_WARN_UNINITIALIZED_AUTOS = YES;
				GCC_WARN_UNUSED_VARIABLE = YES;
				IPHONEOS_DEPLOYMENT_TARGET = 6.1;
				ONLY_ACTIVE_ARCH = YES;
				SDKROOT = iphoneos;
			};
			name = Debug;
		};
		C13AD5311767E50F006AFD36 /* Release */ = {
			isa = XCBuildConfiguration;
			buildSettings = {
				ALWAYS_SEARCH_USER_PATHS = NO;
				CLANG_CXX_LANGUAGE_STANDARD = "gnu++0x";
				CLANG_CXX_LIBRARY = "libc++";
				CLANG_ENABLE_OBJC_ARC = YES;
				CLANG_WARN_CONSTANT_CONVERSION = YES;
				CLANG_WARN_EMPTY_BODY = YES;
				CLANG_WARN_ENUM_CONVERSION = YES;
				CLANG_WARN_INT_CONVERSION = YES;
				CLANG_WARN__DUPLICATE_METHOD_MATCH = YES;
				"CODE_SIGN_IDENTITY[sdk=iphoneos*]" = "iPhone Distribution: Imran Raja (2WCTC2Y6MU)";
				COPY_PHASE_STRIP = YES;
				GCC_C_LANGUAGE_STANDARD = gnu99;
				GCC_WARN_ABOUT_RETURN_TYPE = YES;
				GCC_WARN_UNINITIALIZED_AUTOS = YES;
				GCC_WARN_UNUSED_VARIABLE = YES;
				IPHONEOS_DEPLOYMENT_TARGET = 6.1;
				OTHER_CFLAGS = "-DNS_BLOCK_ASSERTIONS=1";
				"PROVISIONING_PROFILE[sdk=iphoneos*]" = "4EA9F9C5-0BFC-4631-A977-FF430EC2F243";
				SDKROOT = iphoneos;
				VALIDATE_PRODUCT = YES;
			};
			name = Release;
		};
		C13AD5331767E50F006AFD36 /* Debug */ = {
			isa = XCBuildConfiguration;
			buildSettings = {
				GCC_PRECOMPILE_PREFIX_HEADER = YES;
				GCC_PREFIX_HEADER = "eCC/eCC-Prefix.pch";
				INFOPLIST_FILE = "eCC/eCC-Info.plist";
				PRODUCT_NAME = "$(TARGET_NAME)";
				WRAPPER_EXTENSION = app;
			};
			name = Debug;
		};
		C13AD5341767E50F006AFD36 /* Release */ = {
			isa = XCBuildConfiguration;
			buildSettings = {
				GCC_PRECOMPILE_PREFIX_HEADER = YES;
				GCC_PREFIX_HEADER = "eCC/eCC-Prefix.pch";
				INFOPLIST_FILE = "eCC/eCC-Info.plist";
				PRODUCT_NAME = "$(TARGET_NAME)";
				WRAPPER_EXTENSION = app;
			};
			name = Release;
		};
/* End XCBuildConfiguration section */

/* Begin XCConfigurationList section */
		C13AD50A1767E50E006AFD36 /* Build configuration list for PBXProject "eCC" */ = {
			isa = XCConfigurationList;
			buildConfigurations = (
				C13AD5301767E50F006AFD36 /* Debug */,
				C13AD5311767E50F006AFD36 /* Release */,
			);
			defaultConfigurationIsVisible = 0;
			defaultConfigurationName = Release;
		};
		C13AD5321767E50F006AFD36 /* Build configuration list for PBXNativeTarget "eCC" */ = {
			isa = XCConfigurationList;
			buildConfigurations = (
				C13AD5331767E50F006AFD36 /* Debug */,
				C13AD5341767E50F006AFD36 /* Release */,
			);
			defaultConfigurationIsVisible = 0;
			defaultConfigurationName = Release;
		};
/* End XCConfigurationList section */
	};
	rootObject = C13AD5071767E50E006AFD36 /* Project object */;
}
